
Microsoft Visual Studio Solution File, Format Version 12.00
# Visual Studio Version 16
VisualStudioVersion = 16.0.31205.134
MinimumVisualStudioVersion = 10.0.40219.1
Project("{FAE04EC0-301F-11D3-BF4B-00C04F79EFBC}") = "LabaWork113", "..\LabaWork113\LabaWork113.csproj", "{A13C697D-183F-48A0-8098-0C51AB93382C}"
EndProject
Project("{9A19103F-16F7-4668-BE54-9A1E7A4F7556}") = "LabaWork114", "..\LabaWork114\LabaWork114.csproj", "{F565420A-E8AD-49D9-B962-57B609660CBC}"
EndProject
Project("{9A19103F-16F7-4668-BE54-9A1E7A4F7556}") = "LabaWork115", "..\LabaWork115\LabaWork115.csproj", "{AF777986-2F3D-4D8C-8E75-1CFFAFB0FCD4}"
EndProject
Project("{9A19103F-16F7-4668-BE54-9A1E7A4F7556}") = "_UsefulFunctions", "..\_UsefulFunctions\_UsefulFunctions.csproj", "{3A77233D-A2FC-494E-B0F8-1955D5A6995A}"
EndProject
Project("{9A19103F-16F7-4668-BE54-9A1E7A4F7556}") = "LabaWork121", "..\LabaWork121\LabaWork121.csproj", "{33286F39-8598-4A2D-B8C4-30B32D6687F3}"
EndProject
Project("{9A19103F-16F7-4668-BE54-9A1E7A4F7556}") = "LabaWork122", "..\LabaWork122\LabaWork122.csproj", "{73B7D98D-188D-4835-A11F-910CAC5B6E79}"
EndProject
Project("{9A19103F-16F7-4668-BE54-9A1E7A4F7556}") = "LabaWork123", "..\LabaWork123\LabaWork123.csproj", "{AA6A2E3B-6394-4770-A4FE-569ECC768ACB}"
EndProject
Project("{9A19103F-16F7-4668-BE54-9A1E7A4F7556}") = "LabaWork124", "..\LabaWork124\LabaWork124.csproj", "{FFD367CF-0F75-443E-8FCF-55BFE1C1C9DE}"
EndProject
Project("{9A19103F-16F7-4668-BE54-9A1E7A4F7556}") = "LabaWork131", "..\LabaWork131\LabaWork131.csproj", "{4DEF3854-3569-416A-9097-5328031951F5}"
EndProject
Project("{9A19103F-16F7-4668-BE54-9A1E7A4F7556}") = "LabaWork132", "..\LabaWork132\LabaWork132.csproj", "{CBA39070-B64B-4335-8E17-EE0ABF3EA887}"
EndProject
Project("{9A19103F-16F7-4668-BE54-9A1E7A4F7556}") = "LabaWork141", "..\LabaWork141\LabaWork141.csproj", "{9BE1981E-CCC1-49A6-B6B0-F11499E83390}"
EndProject
Project("{FAE04EC0-301F-11D3-BF4B-00C04F79EFBC}") = "LabaWork142", "..\LabaWork142\LabaWork142.csproj", "{D6EC030E-41CF-4A9B-88A2-5470286B6F1E}"
EndProject
Global
	GlobalSection(SolutionConfigurationPlatforms) = preSolution
		Debug|Any CPU = Debug|Any CPU
		Release|Any CPU = Release|Any CPU
	EndGlobalSection
	GlobalSection(ProjectConfigurationPlatforms) = postSolution
		{A13C697D-183F-48A0-8098-0C51AB93382C}.Debug|Any CPU.ActiveCfg = Debug|Any CPU
		{A13C697D-183F-48A0-8098-0C51AB93382C}.Debug|Any CPU.Build.0 = Debug|Any CPU
		{A13C697D-183F-48A0-8098-0C51AB93382C}.Release|Any CPU.ActiveCfg = Release|Any CPU
		{A13C697D-183F-48A0-8098-0C51AB93382C}.Release|Any CPU.Build.0 = Release|Any CPU
		{F565420A-E8AD-49D9-B962-57B609660CBC}.Debug|Any CPU.ActiveCfg = Debug|Any CPU
		{F565420A-E8AD-49D9-B962-57B609660CBC}.Debug|Any CPU.Build.0 = Debug|Any CPU
		{F565420A-E8AD-49D9-B962-57B609660CBC}.Release|Any CPU.ActiveCfg = Release|Any CPU
		{F565420A-E8AD-49D9-B962-57B609660CBC}.Release|Any CPU.Build.0 = Release|Any CPU
		{AF777986-2F3D-4D8C-8E75-1CFFAFB0FCD4}.Debug|Any CPU.ActiveCfg = Debug|Any CPU
		{AF777986-2F3D-4D8C-8E75-1CFFAFB0FCD4}.Debug|Any CPU.Build.0 = Debug|Any CPU
		{AF777986-2F3D-4D8C-8E75-1CFFAFB0FCD4}.Release|Any CPU.ActiveCfg = Release|Any CPU
		{AF777986-2F3D-4D8C-8E75-1CFFAFB0FCD4}.Release|Any CPU.Build.0 = Release|Any CPU
		{3A77233D-A2FC-494E-B0F8-1955D5A6995A}.Debug|Any CPU.ActiveCfg = Debug|Any CPU
		{3A77233D-A2FC-494E-B0F8-1955D5A6995A}.Debug|Any CPU.Build.0 = Debug|Any CPU
		{3A77233D-A2FC-494E-B0F8-1955D5A6995A}.Release|Any CPU.ActiveCfg = Release|Any CPU
		{3A77233D-A2FC-494E-B0F8-1955D5A6995A}.Release|Any CPU.Build.0 = Release|Any CPU
		{33286F39-8598-4A2D-B8C4-30B32D6687F3}.Debug|Any CPU.ActiveCfg = Debug|Any CPU
		{33286F39-8598-4A2D-B8C4-30B32D6687F3}.Debug|Any CPU.Build.0 = Debug|Any CPU
		{33286F39-8598-4A2D-B8C4-30B32D6687F3}.Release|Any CPU.ActiveCfg = Release|Any CPU
		{33286F39-8598-4A2D-B8C4-30B32D6687F3}.Release|Any CPU.Build.0 = Release|Any CPU
		{73B7D98D-188D-4835-A11F-910CAC5B6E79}.Debug|Any CPU.ActiveCfg = Debug|Any CPU
		{73B7D98D-188D-4835-A11F-910CAC5B6E79}.Debug|Any CPU.Build.0 = Debug|Any CPU
		{73B7D98D-188D-4835-A11F-910CAC5B6E79}.Release|Any CPU.ActiveCfg = Release|Any CPU
		{73B7D98D-188D-4835-A11F-910CAC5B6E79}.Release|Any CPU.Build.0 = Release|Any CPU
		{AA6A2E3B-6394-4770-A4FE-569ECC768ACB}.Debug|Any CPU.ActiveCfg = Debug|Any CPU
		{AA6A2E3B-6394-4770-A4FE-569ECC768ACB}.Debug|Any CPU.Build.0 = Debug|Any CPU
		{AA6A2E3B-6394-4770-A4FE-569ECC768ACB}.Release|Any CPU.ActiveCfg = Release|Any CPU
		{AA6A2E3B-6394-4770-A4FE-569ECC768ACB}.Release|Any CPU.Build.0 = Release|Any CPU
		{FFD367CF-0F75-443E-8FCF-55BFE1C1C9DE}.Debug|Any CPU.ActiveCfg = Debug|Any CPU
		{FFD367CF-0F75-443E-8FCF-55BFE1C1C9DE}.Debug|Any CPU.Build.0 = Debug|Any CPU
		{FFD367CF-0F75-443E-8FCF-55BFE1C1C9DE}.Release|Any CPU.ActiveCfg = Release|Any CPU
		{FFD367CF-0F75-443E-8FCF-55BFE1C1C9DE}.Release|Any CPU.Build.0 = Release|Any CPU
		{4DEF3854-3569-416A-9097-5328031951F5}.Debug|Any CPU.ActiveCfg = Debug|Any CPU
		{4DEF3854-3569-416A-9097-5328031951F5}.Debug|Any CPU.Build.0 = Debug|Any CPU
		{4DEF3854-3569-416A-9097-5328031951F5}.Release|Any CPU.ActiveCfg = Release|Any CPU
		{4DEF3854-3569-416A-9097-5328031951F5}.Release|Any CPU.Build.0 = Release|Any CPU
		{CBA39070-B64B-4335-8E17-EE0ABF3EA887}.Debug|Any CPU.ActiveCfg = Debug|Any CPU
		{CBA39070-B64B-4335-8E17-EE0ABF3EA887}.Debug|Any CPU.Build.0 = Debug|Any CPU
		{CBA39070-B64B-4335-8E17-EE0ABF3EA887}.Release|Any CPU.ActiveCfg = Release|Any CPU
		{CBA39070-B64B-4335-8E17-EE0ABF3EA887}.Release|Any CPU.Build.0 = Release|Any CPU
		{9BE1981E-CCC1-49A6-B6B0-F11499E83390}.Debug|Any CPU.ActiveCfg = Debug|Any CPU
		{9BE1981E-CCC1-49A6-B6B0-F11499E83390}.Debug|Any CPU.Build.0 = Debug|Any CPU
		{9BE1981E-CCC1-49A6-B6B0-F11499E83390}.Release|Any CPU.ActiveCfg = Release|Any CPU
		{9BE1981E-CCC1-49A6-B6B0-F11499E83390}.Release|Any CPU.Build.0 = Release|Any CPU
		{D6EC030E-41CF-4A9B-88A2-5470286B6F1E}.Debug|Any CPU.ActiveCfg = Debug|Any CPU
		{D6EC030E-41CF-4A9B-88A2-5470286B6F1E}.Debug|Any CPU.Build.0 = Debug|Any CPU
		{D6EC030E-41CF-4A9B-88A2-5470286B6F1E}.Release|Any CPU.ActiveCfg = Release|Any CPU
		{D6EC030E-41CF-4A9B-88A2-5470286B6F1E}.Release|Any CPU.Build.0 = Release|Any CPU
	EndGlobalSection
	GlobalSection(SolutionProperties) = preSolution
		HideSolutionNode = FALSE
	EndGlobalSection
	GlobalSection(ExtensibilityGlobals) = postSolution
		SolutionGuid = {95472BFE-6E8E-4D6E-980C-303A2EC1601E}
	EndGlobalSection
EndGlobal
