
Microsoft Visual Studio Solution File, Format Version 12.00
# Visual Studio Version 16
VisualStudioVersion = 16.0.31205.134
MinimumVisualStudioVersion = 10.0.40219.1
Project("{FAE04EC0-301F-11D3-BF4B-00C04F79EFBC}") = "tst", "tst\tst.csproj", "{1A3B947F-E4A5-43A2-B868-DA0AF9B8785C}"
EndProject
Global
	GlobalSection(SolutionConfigurationPlatforms) = preSolution
		Debug|Any CPU = Debug|Any CPU
		Release|Any CPU = Release|Any CPU
	EndGlobalSection
	GlobalSection(ProjectConfigurationPlatforms) = postSolution
		{1A3B947F-E4A5-43A2-B868-DA0AF9B8785C}.Debug|Any CPU.ActiveCfg = Debug|Any CPU
		{1A3B947F-E4A5-43A2-B868-DA0AF9B8785C}.Debug|Any CPU.Build.0 = Debug|Any CPU
		{1A3B947F-E4A5-43A2-B868-DA0AF9B8785C}.Release|Any CPU.ActiveCfg = Release|Any CPU
		{1A3B947F-E4A5-43A2-B868-DA0AF9B8785C}.Release|Any CPU.Build.0 = Release|Any CPU
	EndGlobalSection
	GlobalSection(SolutionProperties) = preSolution
		HideSolutionNode = FALSE
	EndGlobalSection
	GlobalSection(ExtensibilityGlobals) = postSolution
		SolutionGuid = {BC30DBAE-9094-45A9-918D-4938CEC8F26F}
	EndGlobalSection
EndGlobal
